// !$*UTF8*$!
{
	archiveVersion = 1;
	classes = {
	};
	objectVersion = 50;
	objects = {

/* Begin PBXBuildFile section */
		36907C7A22B94DD600556569 /* AppDelegate.swift in Sources */ = {isa = PBXBuildFile; fileRef = 36907C7922B94DD600556569 /* AppDelegate.swift */; };
		36907C7C22B94DD600556569 /* ViewController.swift in Sources */ = {isa = PBXBuildFile; fileRef = 36907C7B22B94DD600556569 /* ViewController.swift */; };
		36907C7F22B94DD600556569 /* Main.storyboard in Resources */ = {isa = PBXBuildFile; fileRef = 36907C7D22B94DD600556569 /* Main.storyboard */; };
		36907C8122B94DDB00556569 /* Assets.xcassets in Resources */ = {isa = PBXBuildFile; fileRef = 36907C8022B94DDB00556569 /* Assets.xcassets */; };
		36907C8422B94DDB00556569 /* LaunchScreen.storyboard in Resources */ = {isa = PBXBuildFile; fileRef = 36907C8222B94DDB00556569 /* LaunchScreen.storyboard */; };
		36907C8D22B9509300556569 /* FaceDetection.swift in Sources */ = {isa = PBXBuildFile; fileRef = 36907C8C22B9509300556569 /* FaceDetection.swift */; };
		36907C8F22B9517D00556569 /* ObjectIdentification.swift in Sources */ = {isa = PBXBuildFile; fileRef = 36907C8E22B9517D00556569 /* ObjectIdentification.swift */; };
		36907C9322B9520C00556569 /* MobileNetV2Int8LUT.mlmodel in Sources */ = {isa = PBXBuildFile; fileRef = 36907C9222B9520C00556569 /* MobileNetV2Int8LUT.mlmodel */; };
		36907C9522BA235B00556569 /* README.md in Resources */ = {isa = PBXBuildFile; fileRef = 36907C9422BA235B00556569 /* README.md */; };
/* End PBXBuildFile section */

/* Begin PBXFileReference section */
		36907C7622B94DD600556569 /* Zimagez.app */ = {isa = PBXFileReference; explicitFileType = wrapper.application; includeInIndex = 0; path = Zimagez.app; sourceTree = BUILT_PRODUCTS_DIR; };
		36907C7922B94DD600556569 /* AppDelegate.swift */ = {isa = PBXFileReference; lastKnownFileType = sourcecode.swift; path = AppDelegate.swift; sourceTree = "<group>"; };
		36907C7B22B94DD600556569 /* ViewController.swift */ = {isa = PBXFileReference; lastKnownFileType = sourcecode.swift; path = ViewController.swift; sourceTree = "<group>"; };
		36907C7E22B94DD600556569 /* Base */ = {isa = PBXFileReference; lastKnownFileType = file.storyboard; name = Base; path = Base.lproj/Main.storyboard; sourceTree = "<group>"; };
		36907C8022B94DDB00556569 /* Assets.xcassets */ = {isa = PBXFileReference; lastKnownFileType = folder.assetcatalog; path = Assets.xcassets; sourceTree = "<group>"; };
		36907C8322B94DDB00556569 /* Base */ = {isa = PBXFileReference; lastKnownFileType = file.storyboard; name = Base; path = Base.lproj/LaunchScreen.storyboard; sourceTree = "<group>"; };
		36907C8522B94DDB00556569 /* Info.plist */ = {isa = PBXFileReference; lastKnownFileType = text.plist.xml; path = Info.plist; sourceTree = "<group>"; };
		36907C8C22B9509300556569 /* FaceDetection.swift */ = {isa = PBXFileReference; lastKnownFileType = sourcecode.swift; path = FaceDetection.swift; sourceTree = "<group>"; };
		36907C8E22B9517D00556569 /* ObjectIdentification.swift */ = {isa = PBXFileReference; lastKnownFileType = sourcecode.swift; path = ObjectIdentification.swift; sourceTree = "<group>"; };
		36907C9222B9520C00556569 /* MobileNetV2Int8LUT.mlmodel */ = {isa = PBXFileReference; lastKnownFileType = file.mlmodel; path = MobileNetV2Int8LUT.mlmodel; sourceTree = "<group>"; };
		36907C9422BA235B00556569 /* README.md */ = {isa = PBXFileReference; fileEncoding = 4; lastKnownFileType = net.daringfireball.markdown; path = README.md; sourceTree = "<group>"; };
/* End PBXFileReference section */

/* Begin PBXFrameworksBuildPhase section */
		36907C7322B94DD600556569 /* Frameworks */ = {
			isa = PBXFrameworksBuildPhase;
			buildActionMask = 2147483647;
			files = (
			);
			runOnlyForDeploymentPostprocessing = 0;
		};
/* End PBXFrameworksBuildPhase section */

/* Begin PBXGroup section */
		36907C6D22B94DD600556569 = {
			isa = PBXGroup;
			children = (
				36907C9422BA235B00556569 /* README.md */,
				36907C7822B94DD600556569 /* Zimagez */,
				36907C7722B94DD600556569 /* Products */,
			);
			sourceTree = "<group>";
		};
		36907C7722B94DD600556569 /* Products */ = {
			isa = PBXGroup;
			children = (
				36907C7622B94DD600556569 /* Zimagez.app */,
			);
			name = Products;
			sourceTree = "<group>";
		};
		36907C7822B94DD600556569 /* Zimagez */ = {
			isa = PBXGroup;
			children = (
				36907C8B22B9500600556569 /* Logic */,
				36907C7922B94DD600556569 /* AppDelegate.swift */,
				36907C7B22B94DD600556569 /* ViewController.swift */,
				36907C7D22B94DD600556569 /* Main.storyboard */,
				36907C8022B94DDB00556569 /* Assets.xcassets */,
				36907C8222B94DDB00556569 /* LaunchScreen.storyboard */,
				36907C8522B94DDB00556569 /* Info.plist */,
			);
			path = Zimagez;
			sourceTree = "<group>";
		};
		36907C8B22B9500600556569 /* Logic */ = {
			isa = PBXGroup;
			children = (
				36907C9222B9520C00556569 /* MobileNetV2Int8LUT.mlmodel */,
				36907C8C22B9509300556569 /* FaceDetection.swift */,
				36907C8E22B9517D00556569 /* ObjectIdentification.swift */,
			);
			path = Logic;
			sourceTree = "<group>";
		};
/* End PBXGroup section */

/* Begin PBXNativeTarget section */
		36907C7522B94DD600556569 /* Zimagez */ = {
			isa = PBXNativeTarget;
			buildConfigurationList = 36907C8822B94DDB00556569 /* Build configuration list for PBXNativeTarget "Zimagez" */;
			buildPhases = (
				36907C7222B94DD600556569 /* Sources */,
				36907C7322B94DD600556569 /* Frameworks */,
				36907C7422B94DD600556569 /* Resources */,
			);
			buildRules = (
			);
			dependencies = (
			);
			name = Zimagez;
			productName = Zimagez;
			productReference = 36907C7622B94DD600556569 /* Zimagez.app */;
			productType = "com.apple.product-type.application";
		};
/* End PBXNativeTarget section */

/* Begin PBXProject section */
		36907C6E22B94DD600556569 /* Project object */ = {
			isa = PBXProject;
			attributes = {
				LastSwiftUpdateCheck = 1020;
				LastUpgradeCheck = 1020;
				ORGANIZATIONNAME = "Bathilde Rocchia";
				TargetAttributes = {
					36907C7522B94DD600556569 = {
						CreatedOnToolsVersion = 10.2.1;
					};
				};
			};
			buildConfigurationList = 36907C7122B94DD600556569 /* Build configuration list for PBXProject "Zimagez" */;
			compatibilityVersion = "Xcode 9.3";
			developmentRegion = en;
			hasScannedForEncodings = 0;
			knownRegions = (
				en,
				Base,
			);
			mainGroup = 36907C6D22B94DD600556569;
			productRefGroup = 36907C7722B94DD600556569 /* Products */;
			projectDirPath = "";
			projectRoot = "";
			targets = (
				36907C7522B94DD600556569 /* Zimagez */,
			);
		};
/* End PBXProject section */

/* Begin PBXResourcesBuildPhase section */
		36907C7422B94DD600556569 /* Resources */ = {
			isa = PBXResourcesBuildPhase;
			buildActionMask = 2147483647;
			files = (
				36907C8422B94DDB00556569 /* LaunchScreen.storyboard in Resources */,
				36907C8122B94DDB00556569 /* Assets.xcassets in Resources */,
				36907C9522BA235B00556569 /* README.md in Resources */,
				36907C7F22B94DD600556569 /* Main.storyboard in Resources */,
			);
			runOnlyForDeploymentPostprocessing = 0;
		};
/* End PBXResourcesBuildPhase section */

/* Begin PBXSourcesBuildPhase section */
		36907C7222B94DD600556569 /* Sources */ = {
			isa = PBXSourcesBuildPhase;
			buildActionMask = 2147483647;
			files = (
				36907C8D22B9509300556569 /* FaceDetection.swift in Sources */,
				36907C9322B9520C00556569 /* MobileNetV2Int8LUT.mlmodel in Sources */,
				36907C7C22B94DD600556569 /* ViewController.swift in Sources */,
				36907C8F22B9517D00556569 /* ObjectIdentification.swift in Sources */,
				36907C7A22B94DD600556569 /* AppDelegate.swift in Sources */,
			);
			runOnlyForDeploymentPostprocessing = 0;
		};
/* End PBXSourcesBuildPhase section */

/* Begin PBXVariantGroup section */
		36907C7D22B94DD600556569 /* Main.storyboard */ = {
			isa = PBXVariantGroup;
			children = (
				36907C7E22B94DD600556569 /* Base */,
			);
			name = Main.storyboard;
			sourceTree = "<group>";
		};
		36907C8222B94DDB00556569 /* LaunchScreen.storyboard */ = {
			isa = PBXVariantGroup;
			children = (
				36907C8322B94DDB00556569 /* Base */,
			);
			name = LaunchScreen.storyboard;
			sourceTree = "<group>";
		};
/* End PBXVariantGroup section */

/* Begin XCBuildConfiguration section */
		36907C8622B94DDB00556569 /* Debug */ = {
			isa = XCBuildConfiguration;
			buildSettings = {
				ALWAYS_SEARCH_USER_PATHS = NO;
				CLANG_ANALYZER_NONNULL = YES;
				CLANG_ANALYZER_NUMBER_OBJECT_CONVERSION = YES_AGGRESSIVE;
				CLANG_CXX_LANGUAGE_STANDARD = "gnu++14";
				CLANG_CXX_LIBRARY = "libc++";
				CLANG_ENABLE_MODULES = YES;
				CLANG_ENABLE_OBJC_ARC = YES;
				CLANG_ENABLE_OBJC_WEAK = YES;
				CLANG_WARN_BLOCK_CAPTURE_AUTORELEASING = YES;
				CLANG_WARN_BOOL_CONVERSION = YES;
				CLANG_WARN_COMMA = YES;
				CLANG_WARN_CONSTANT_CONVERSION = YES;
				CLANG_WARN_DEPRECATED_OBJC_IMPLEMENTATIONS = YES;
				CLANG_WARN_DIRECT_OBJC_ISA_USAGE = YES_ERROR;
				CLANG_WARN_DOCUMENTATION_COMMENTS = YES;
				CLANG_WARN_EMPTY_BODY = YES;
				CLANG_WARN_ENUM_CONVERSION = YES;
				CLANG_WARN_INFINITE_RECURSION = YES;
				CLANG_WARN_INT_CONVERSION = YES;
				CLANG_WARN_NON_LITERAL_NULL_CONVERSION = YES;
				CLANG_WARN_OBJC_IMPLICIT_RETAIN_SELF = YES;
				CLANG_WARN_OBJC_LITERAL_CONVERSION = YES;
				CLANG_WARN_OBJC_ROOT_CLASS = YES_ERROR;
				CLANG_WARN_RANGE_LOOP_ANALYSIS = YES;
				CLANG_WARN_STRICT_PROTOTYPES = YES;
				CLANG_WARN_SUSPICIOUS_MOVE = YES;
				CLANG_WARN_UNGUARDED_AVAILABILITY = YES_AGGRESSIVE;
				CLANG_WARN_UNREACHABLE_CODE = YES;
				CLANG_WARN__DUPLICATE_METHOD_MATCH = YES;
				CODE_SIGN_IDENTITY = "iPhone Developer";
				COPY_PHASE_STRIP = NO;
				DEBUG_INFORMATION_FORMAT = dwarf;
				ENABLE_STRICT_OBJC_MSGSEND = YES;
				ENABLE_TESTABILITY = YES;
				GCC_C_LANGUAGE_STANDARD = gnu11;
				GCC_DYNAMIC_NO_PIC = NO;
				GCC_NO_COMMON_BLOCKS = YES;
				GCC_OPTIMIZATION_LEVEL = 0;
				GCC_PREPROCESSOR_DEFINITIONS = (
					"DEBUG=1",
					"$(inherited)",
				);
				GCC_WARN_64_TO_32_BIT_CONVERSION = YES;
				GCC_WARN_ABOUT_RETURN_TYPE = YES_ERROR;
				GCC_WARN_UNDECLARED_SELECTOR = YES;
				GCC_WARN_UNINITIALIZED_AUTOS = YES_AGGRESSIVE;
				GCC_WARN_UNUSED_FUNCTION = YES;
				GCC_WARN_UNUSED_VARIABLE = YES;
				IPHONEOS_DEPLOYMENT_TARGET = 12.0;
				MTL_ENABLE_DEBUG_INFO = INCLUDE_SOURCE;
				MTL_FAST_MATH = YES;
				ONLY_ACTIVE_ARCH = YES;
				SDKROOT = iphoneos;
				SWIFT_ACTIVE_COMPILATION_CONDITIONS = DEBUG;
				SWIFT_OPTIMIZATION_LEVEL = "-Onone";
			};
			name = Debug;
		};
		36907C8722B94DDB00556569 /* Release */ = {
			isa = XCBuildConfiguration;
			buildSettings = {
				ALWAYS_SEARCH_USER_PATHS = NO;
				CLANG_ANALYZER_NONNULL = YES;
				CLANG_ANALYZER_NUMBER_OBJECT_CONVERSION = YES_AGGRESSIVE;
				CLANG_CXX_LANGUAGE_STANDARD = "gnu++14";
				CLANG_CXX_LIBRARY = "libc++";
				CLANG_ENABLE_MODULES = YES;
				CLANG_ENABLE_OBJC_ARC = YES;
				CLANG_ENABLE_OBJC_WEAK = YES;
				CLANG_WARN_BLOCK_CAPTURE_AUTORELEASING = YES;
				CLANG_WARN_BOOL_CONVERSION = YES;
				CLANG_WARN_COMMA = YES;
				CLANG_WARN_CONSTANT_CONVERSION = YES;
				CLANG_WARN_DEPRECATED_OBJC_IMPLEMENTATIONS = YES;
				CLANG_WARN_DIRECT_OBJC_ISA_USAGE = YES_ERROR;
				CLANG_WARN_DOCUMENTATION_COMMENTS = YES;
				CLANG_WARN_EMPTY_BODY = YES;
				CLANG_WARN_ENUM_CONVERSION = YES;
				CLANG_WARN_INFINITE_RECURSION = YES;
				CLANG_WARN_INT_CONVERSION = YES;
				CLANG_WARN_NON_LITERAL_NULL_CONVERSION = YES;
				CLANG_WARN_OBJC_IMPLICIT_RETAIN_SELF = YES;
				CLANG_WARN_OBJC_LITERAL_CONVERSION = YES;
				CLANG_WARN_OBJC_ROOT_CLASS = YES_ERROR;
				CLANG_WARN_RANGE_LOOP_ANALYSIS = YES;
				CLANG_WARN_STRICT_PROTOTYPES = YES;
				CLANG_WARN_SUSPICIOUS_MOVE = YES;
				CLANG_WARN_UNGUARDED_AVAILABILITY = YES_AGGRESSIVE;
				CLANG_WARN_UNREACHABLE_CODE = YES;
				CLANG_WARN__DUPLICATE_METHOD_MATCH = YES;
				CODE_SIGN_IDENTITY = "iPhone Developer";
				COPY_PHASE_STRIP = NO;
				DEBUG_INFORMATION_FORMAT = "dwarf-with-dsym";
				ENABLE_NS_ASSERTIONS = NO;
				ENABLE_STRICT_OBJC_MSGSEND = YES;
				GCC_C_LANGUAGE_STANDARD = gnu11;
				GCC_NO_COMMON_BLOCKS = YES;
				GCC_WARN_64_TO_32_BIT_CONVERSION = YES;
				GCC_WARN_ABOUT_RETURN_TYPE = YES_ERROR;
				GCC_WARN_UNDECLARED_SELECTOR = YES;
				GCC_WARN_UNINITIALIZED_AUTOS = YES_AGGRESSIVE;
				GCC_WARN_UNUSED_FUNCTION = YES;
				GCC_WARN_UNUSED_VARIABLE = YES;
				IPHONEOS_DEPLOYMENT_TARGET = 12.0;
				MTL_ENABLE_DEBUG_INFO = NO;
				MTL_FAST_MATH = YES;
				SDKROOT = iphoneos;
				SWIFT_COMPILATION_MODE = wholemodule;
				SWIFT_OPTIMIZATION_LEVEL = "-O";
				VALIDATE_PRODUCT = YES;
			};
			name = Release;
		};
		36907C8922B94DDB00556569 /* Debug */ = {
			isa = XCBuildConfiguration;
			buildSettings = {
				ASSETCATALOG_COMPILER_APPICON_NAME = AppIcon;
				CODE_SIGN_IDENTITY = "iPhone Developer";
				CODE_SIGN_STYLE = Automatic;
				DEVELOPMENT_TEAM = "";
				INFOPLIST_FILE = Zimagez/Info.plist;
				LD_RUNPATH_SEARCH_PATHS = (
					"$(inherited)",
					"@executable_path/Frameworks",
				);
				PRODUCT_BUNDLE_IDENTIFIER = fr.cheerz.Zimagez;
				PRODUCT_NAME = "$(TARGET_NAME)";
				PROVISIONING_PROFILE_SPECIFIER = "";
				SWIFT_VERSION = 5.0;
				TARGETED_DEVICE_FAMILY = "1,2";
			};
			name = Debug;
		};
		36907C8A22B94DDB00556569 /* Release */ = {
			isa = XCBuildConfiguration;
			buildSettings = {
				ASSETCATALOG_COMPILER_APPICON_NAME = AppIcon;
				CODE_SIGN_IDENTITY = "iPhone Developer";
				CODE_SIGN_STYLE = Automatic;
				DEVELOPMENT_TEAM = "";
				INFOPLIST_FILE = Zimagez/Info.plist;
				LD_RUNPATH_SEARCH_PATHS = (
					"$(inherited)",
					"@executable_path/Frameworks",
				);
				PRODUCT_BUNDLE_IDENTIFIER = fr.cheerz.Zimagez;
				PRODUCT_NAME = "$(TARGET_NAME)";
				PROVISIONING_PROFILE_SPECIFIER = "";
				SWIFT_VERSION = 5.0;
				TARGETED_DEVICE_FAMILY = "1,2";
			};
			name = Release;
		};
/* End XCBuildConfiguration section */

/* Begin XCConfigurationList section */
		36907C7122B94DD600556569 /* Build configuration list for PBXProject "Zimagez" */ = {
			isa = XCConfigurationList;
			buildConfigurations = (
				36907C8622B94DDB00556569 /* Debug */,
				36907C8722B94DDB00556569 /* Release */,
			);
			defaultConfigurationIsVisible = 0;
			defaultConfigurationName = Release;
		};
		36907C8822B94DDB00556569 /* Build configuration list for PBXNativeTarget "Zimagez" */ = {
			isa = XCConfigurationList;
			buildConfigurations = (
				36907C8922B94DDB00556569 /* Debug */,
				36907C8A22B94DDB00556569 /* Release */,
			);
			defaultConfigurationIsVisible = 0;
			defaultConfigurationName = Release;
		};
/* End XCConfigurationList section */
	};
	rootObject = 36907C6E22B94DD600556569 /* Project object */;
}
